{
  "name": "vrm-ts-helloworld",
  "version": "0.0.0",
  "lockfileVersion": 1,
  "requires": true,
  "dependencies": {
    "@babylonjs/core": {
      "version": "4.0.3",
      "resolved": "https://registry.npmjs.org/@babylonjs/core/-/core-4.0.3.tgz",
      "integrity": "sha512-M9UYwAwXLIBq+WzNdmYD3TjgHJ+Vb85/pjqt9vN6SqmkwfpmMibfKr3bXkNgodZrVS+UUjvf8A/aWI3cJH0MNg==",
      "requires": {
        "tslib": "^1.9.3"
      }
    },
    "@babylonjs/loaders": {
      "version": "4.0.3",
      "resolved": "https://registry.npmjs.org/@babylonjs/loaders/-/loaders-4.0.3.tgz",
      "integrity": "sha512-yjXqWFk9EHY2WbGbLQKB1bFSIrCuBsEX2Fw52A1SOIxL3TlRkICSKRvTGUJP8lvEGds/OikUD51VwZs2zX6SAw==",
      "requires": {
        "@babylonjs/core": "4.0.3",
        "babylonjs-gltf2interface": "4.0.3",
        "tslib": "^1.9.3"
      }
    },
    "@types/node": {
      "version": "8.10.59",
      "resolved": "https://registry.npmjs.org/@types/node/-/node-8.10.59.tgz",
      "integrity": "sha512-8RkBivJrDCyPpBXhVZcjh7cQxVBSmRk9QM7hOketZzp6Tg79c0N8kkpAIito9bnJ3HCVCHVYz+KHTEbfQNfeVQ==",
      "dev": true
    },
    "babylon-mtoon-material": {
      "version": "1.9.0",
      "resolved": "https://registry.npmjs.org/babylon-mtoon-material/-/babylon-mtoon-material-1.9.0.tgz",
      "integrity": "sha512-W6fF8MyfAggK2ydQZkqMskOOXy6XG2FYNp76hEOogpQUWs+bSGFa52KXFvOSF1tQhGUiv2PYKej8DXCBIXZZvg=="
    },
    "babylon-vrm-loader": {
      "version": "1.4.8",
      "resolved": "https://registry.npmjs.org/babylon-vrm-loader/-/babylon-vrm-loader-1.4.8.tgz",
      "integrity": "sha512-Zdty8Ri73bdjqxEYP6OQtshe+RXPNYQFYC4rmtCr4DRPdT186iq/sFYsxGZ84fa+d47jFy8xqKEkmZVs9vr31A==",
      "requires": {
        "babylon-mtoon-material": "^1.2.0"
      }
    },
    "babylonjs-gltf2interface": {
      "version": "4.0.3",
      "resolved": "https://registry.npmjs.org/babylonjs-gltf2interface/-/babylonjs-gltf2interface-4.0.3.tgz",
      "integrity": "sha512-ys8cEhlkYmBCJ3F/aBemVNKPkaV5fPghR4wgQfvUTNCF9pFlwYZpJ1KXEPj4+z6OohXN14AQMcaiafL+bmVLlg=="
    },
    "tslib": {
      "version": "1.10.0",
      "resolved": "https://registry.npmjs.org/tslib/-/tslib-1.10.0.tgz",
      "integrity": "sha512-qOebF53frne81cf0S9B41ByenJ3/IuH8yJKngAX35CmiZySA0khhkovshKK+jGCaMnVomla7gVlIcc3EvKPbTQ=="
    },
    "typescript": {
      "version": "3.7.5",
      "resolved": "https://registry.npmjs.org/typescript/-/typescript-3.7.5.tgz",
      "integrity": "sha512-/P5lkRXkWHNAbcJIiHPfRoKqyd7bsyCma1hZNUGfn20qm64T6ZBlrzprymeu918H+mB/0rIg2gGK/BXkhhYgBw==",
      "dev": true
    }
  }
}
